Microsoft Visual Studio Solution File, Format Version 12.00
# Visual Studio Version 16
VisualStudioVersion = 16.0.0.0
MinimumVisualStudioVersion = 16.0.0.0
Project("{9A19103F-16F7-4668-BE54-9A1E7A4F7556}") = "BlitzDMS.Server", "Server\BlitzDMS.Server.csproj", "{755535B9-97F5-4E0E-B35B-19BCCD9D61D4}"
EndProject
Project("{9A19103F-16F7-4668-BE54-9A1E7A4F7556}") = "BlitzDMS.Client", "Client\BlitzDMS.Client.csproj", "{EF8B133A-02C8-4E8E-BC94-7CA2F1D849B5}"
EndProject
Project("{9A19103F-16F7-4668-BE54-9A1E7A4F7556}") = "BlitzDMS.Shared", "Shared\BlitzDMS.Shared.csproj", "{2C056F13-27A3-4125-B6E8-6C30E88DA9E9}"
EndProject
Global
	GlobalSection(SolutionConfigurationPlatforms) = preSolution
		Debug|Any CPU = Debug|Any CPU
		Debug|x64 = Debug|x64
		Debug|x86 = Debug|x86
		Release|Any CPU = Release|Any CPU
		Release|x64 = Release|x64
		Release|x86 = Release|x86
	EndGlobalSection
	GlobalSection(ProjectConfigurationPlatforms) = postSolution
		{EF8B133A-02C8-4E8E-BC94-7CA2F1D849B5}.Debug|Any CPU.ActiveCfg = Debug|Any CPU
		{EF8B133A-02C8-4E8E-BC94-7CA2F1D849B5}.Debug|Any CPU.Build.0 = Debug|Any CPU
		{EF8B133A-02C8-4E8E-BC94-7CA2F1D849B5}.Debug|x64.ActiveCfg = Debug|Any CPU
		{EF8B133A-02C8-4E8E-BC94-7CA2F1D849B5}.Debug|x64.Build.0 = Debug|Any CPU
		{EF8B133A-02C8-4E8E-BC94-7CA2F1D849B5}.Debug|x86.ActiveCfg = Debug|Any CPU
		{EF8B133A-02C8-4E8E-BC94-7CA2F1D849B5}.Debug|x86.Build.0 = Debug|Any CPU
		{EF8B133A-02C8-4E8E-BC94-7CA2F1D849B5}.Release|Any CPU.ActiveCfg = Release|Any CPU
		{EF8B133A-02C8-4E8E-BC94-7CA2F1D849B5}.Release|Any CPU.Build.0 = Release|Any CPU
		{EF8B133A-02C8-4E8E-BC94-7CA2F1D849B5}.Release|x64.ActiveCfg = Release|Any CPU
		{EF8B133A-02C8-4E8E-BC94-7CA2F1D849B5}.Release|x64.Build.0 = Release|Any CPU
		{EF8B133A-02C8-4E8E-BC94-7CA2F1D849B5}.Release|x86.ActiveCfg = Release|Any CPU
		{EF8B133A-02C8-4E8E-BC94-7CA2F1D849B5}.Release|x86.Build.0 = Release|Any CPU
		{755535B9-97F5-4E0E-B35B-19BCCD9D61D4}.Debug|Any CPU.ActiveCfg = Debug|Any CPU
		{755535B9-97F5-4E0E-B35B-19BCCD9D61D4}.Debug|Any CPU.Build.0 = Debug|Any CPU
		{755535B9-97F5-4E0E-B35B-19BCCD9D61D4}.Debug|x64.ActiveCfg = Debug|Any CPU
		{755535B9-97F5-4E0E-B35B-19BCCD9D61D4}.Debug|x64.Build.0 = Debug|Any CPU
		{755535B9-97F5-4E0E-B35B-19BCCD9D61D4}.Debug|x86.ActiveCfg = Debug|Any CPU
		{755535B9-97F5-4E0E-B35B-19BCCD9D61D4}.Debug|x86.Build.0 = Debug|Any CPU
		{755535B9-97F5-4E0E-B35B-19BCCD9D61D4}.Release|Any CPU.ActiveCfg = Release|Any CPU
		{755535B9-97F5-4E0E-B35B-19BCCD9D61D4}.Release|Any CPU.Build.0 = Release|Any CPU
		{755535B9-97F5-4E0E-B35B-19BCCD9D61D4}.Release|x64.ActiveCfg = Release|Any CPU
		{755535B9-97F5-4E0E-B35B-19BCCD9D61D4}.Release|x64.Build.0 = Release|Any CPU
		{755535B9-97F5-4E0E-B35B-19BCCD9D61D4}.Release|x86.ActiveCfg = Release|Any CPU
		{755535B9-97F5-4E0E-B35B-19BCCD9D61D4}.Release|x86.Build.0 = Release|Any CPU
		{2C056F13-27A3-4125-B6E8-6C30E88DA9E9}.Debug|Any CPU.ActiveCfg = Debug|Any CPU
		{2C056F13-27A3-4125-B6E8-6C30E88DA9E9}.Debug|Any CPU.Build.0 = Debug|Any CPU
		{2C056F13-27A3-4125-B6E8-6C30E88DA9E9}.Debug|x64.ActiveCfg = Debug|Any CPU
		{2C056F13-27A3-4125-B6E8-6C30E88DA9E9}.Debug|x64.Build.0 = Debug|Any CPU
		{2C056F13-27A3-4125-B6E8-6C30E88DA9E9}.Debug|x86.ActiveCfg = Debug|Any CPU
		{2C056F13-27A3-4125-B6E8-6C30E88DA9E9}.Debug|x86.Build.0 = Debug|Any CPU
		{2C056F13-27A3-4125-B6E8-6C30E88DA9E9}.Release|Any CPU.ActiveCfg = Release|Any CPU
		{2C056F13-27A3-4125-B6E8-6C30E88DA9E9}.Release|Any CPU.Build.0 = Release|Any CPU
		{2C056F13-27A3-4125-B6E8-6C30E88DA9E9}.Release|x64.ActiveCfg = Release|Any CPU
		{2C056F13-27A3-4125-B6E8-6C30E88DA9E9}.Release|x64.Build.0 = Release|Any CPU
		{2C056F13-27A3-4125-B6E8-6C30E88DA9E9}.Release|x86.ActiveCfg = Release|Any CPU
		{2C056F13-27A3-4125-B6E8-6C30E88DA9E9}.Release|x86.Build.0 = Release|Any CPU
	EndGlobalSection
	GlobalSection(SolutionProperties) = preSolution
		HideSolutionNode = FALSE
	EndGlobalSection
	GlobalSection(ExtensibilityGlobals) = postSolution
		SolutionGuid = {136B1117-C37E-4CD7-9A8C-C8B7A4FDC499}
	EndGlobalSection
EndGlobal